
Microsoft Visual Studio Solution File, Format Version 12.00
# Visual Studio Version 17
VisualStudioVersion = 17.0.31903.59
MinimumVisualStudioVersion = 10.0.40219.1
Project("{2150E333-8FDC-42A3-9474-1A3956D46DE8}") = "2025", "2025", "{C6DF1451-56B5-EAD0-27C3-671E9BD5E906}"
EndProject
Project("{F2A71F9B-5D33-465A-A702-920D77279786}") = "code", "2025\code\code.fsproj", "{30F184E2-88F3-4891-B0FA-C1917DBE0CD0}"
EndProject
Project("{F2A71F9B-5D33-465A-A702-920D77279786}") = "test", "2025\test\test.fsproj", "{301B6E2F-ECFE-4521-A5AE-CA49E331DFC6}"
EndProject
Project("{F2A71F9B-5D33-465A-A702-920D77279786}") = "console", "2025\console\console.fsproj", "{0996FA29-3EAE-49EC-B5F8-3A0272730925}"
EndProject
Project("{2150E333-8FDC-42A3-9474-1A3956D46DE8}") = "2024", "2024", "{EAA4C3EA-4F80-F7E2-43F4-B077FE12FBA7}"
EndProject
Project("{F2A71F9B-5D33-465A-A702-920D77279786}") = "code", "2024\code\code.fsproj", "{0CD3905D-1AD1-4219-8D21-8DAA9FF840A5}"
EndProject
Project("{2150E333-8FDC-42A3-9474-1A3956D46DE8}") = "2023", "2023", "{696C0EBF-F601-5253-4CA2-839DE6AABEC9}"
EndProject
Project("{F2A71F9B-5D33-465A-A702-920D77279786}") = "code", "2023\code\code.fsproj", "{BE0088B2-69BA-4268-B741-52F4EE3CCE40}"
EndProject
Project("{2150E333-8FDC-42A3-9474-1A3956D46DE8}") = "2022", "2022", "{C4D89311-AFE9-6323-3FF6-D384F1CDA061}"
EndProject
Project("{F2A71F9B-5D33-465A-A702-920D77279786}") = "code", "2022\code\code.fsproj", "{E476BF6A-6E12-4269-8FAC-CA56318E6B53}"
EndProject
Project("{2150E333-8FDC-42A3-9474-1A3956D46DE8}") = "2021", "2021", "{B12C42B1-F8E6-55D5-858E-EDB8B0697768}"
EndProject
Project("{F2A71F9B-5D33-465A-A702-920D77279786}") = "code", "2021\code\code.fsproj", "{412D0E89-2FDA-4800-8E6B-9122DC80DDBF}"
EndProject
Project("{2150E333-8FDC-42A3-9474-1A3956D46DE8}") = "2020", "2020", "{DAD39B44-434C-0B27-0227-2A2D3CC070B7}"
EndProject
Project("{F2A71F9B-5D33-465A-A702-920D77279786}") = "code", "2020\code\code.fsproj", "{882C462A-CAF4-4300-8255-C14AC2EF8B49}"
EndProject
Project("{2150E333-8FDC-42A3-9474-1A3956D46DE8}") = "2019", "2019", "{6D400736-C335-6B4E-6EAD-4935A988DFB3}"
EndProject
Project("{F2A71F9B-5D33-465A-A702-920D77279786}") = "code", "2019\code\code.fsproj", "{E0382228-67DC-467C-B493-10FB1D9F6738}"
EndProject
Project("{2150E333-8FDC-42A3-9474-1A3956D46DE8}") = "2017", "2017", "{C8DC4366-2D4B-E411-D2B3-A40AE0CC571A}"
EndProject
Project("{F2A71F9B-5D33-465A-A702-920D77279786}") = "code", "2017\code\code.fsproj", "{4962521D-DCCD-43C3-A894-7BB85D3D6962}"
EndProject
Project("{F2A71F9B-5D33-465A-A702-920D77279786}") = "test", "2024\test\test.fsproj", "{602C5D70-530D-4F1A-BDDA-800CFE0A8E2C}"
EndProject
Project("{F2A71F9B-5D33-465A-A702-920D77279786}") = "test", "2023\test\test.fsproj", "{82C209CF-91E6-439A-AB2C-986A1BB1DDF2}"
EndProject
Project("{F2A71F9B-5D33-465A-A702-920D77279786}") = "test", "2022\test\test.fsproj", "{CF89ED4B-25A7-4D3F-A128-A8E9E8A57929}"
EndProject
Project("{F2A71F9B-5D33-465A-A702-920D77279786}") = "test", "2021\test\test.fsproj", "{D1CB0899-07F5-4EE2-9729-B4DBB4759FC1}"
EndProject
Project("{F2A71F9B-5D33-465A-A702-920D77279786}") = "test", "2020\test\test.fsproj", "{FA43F81A-B61C-4A76-B90A-5F9511C66828}"
EndProject
Project("{F2A71F9B-5D33-465A-A702-920D77279786}") = "test", "2019\test\test.fsproj", "{669850AE-6468-48BB-A9D3-6E10A8690C47}"
EndProject
Project("{F2A71F9B-5D33-465A-A702-920D77279786}") = "test", "2017\test\test.fsproj", "{F5EC7CF6-E115-49AC-98FC-D0C44FCB9CF1}"
EndProject
Project("{F2A71F9B-5D33-465A-A702-920D77279786}") = "console", "2017\console\console.fsproj", "{36490D35-68FC-409F-BBEE-D93EC6262100}"
EndProject
Project("{F2A71F9B-5D33-465A-A702-920D77279786}") = "console", "2019\console\console.fsproj", "{F236ECFC-6086-4304-891B-B63D8559A14D}"
EndProject
Project("{F2A71F9B-5D33-465A-A702-920D77279786}") = "console", "2020\console\console.fsproj", "{333E4803-F441-48B0-B7BA-BAFE5144159E}"
EndProject
Project("{F2A71F9B-5D33-465A-A702-920D77279786}") = "console", "2021\console\console.fsproj", "{59E2903B-BA68-40F2-B54A-C791B8C54B81}"
EndProject
Project("{F2A71F9B-5D33-465A-A702-920D77279786}") = "console", "2022\console\console.fsproj", "{0CD6E90A-883F-4A87-B766-7421A09D1085}"
EndProject
Project("{F2A71F9B-5D33-465A-A702-920D77279786}") = "console", "2023\console\console.fsproj", "{6EF586B1-E31E-4B2D-ADBB-6D35F8F7B8C0}"
EndProject
Project("{F2A71F9B-5D33-465A-A702-920D77279786}") = "console", "2024\console\console.fsproj", "{B6C9F46C-0162-4EB1-976D-2A01C1CE764C}"
EndProject
Global
	GlobalSection(SolutionConfigurationPlatforms) = preSolution
		Debug|Any CPU = Debug|Any CPU
		Debug|x64 = Debug|x64
		Debug|x86 = Debug|x86
		Release|Any CPU = Release|Any CPU
		Release|x64 = Release|x64
		Release|x86 = Release|x86
	EndGlobalSection
	GlobalSection(ProjectConfigurationPlatforms) = postSolution
		{30F184E2-88F3-4891-B0FA-C1917DBE0CD0}.Debug|Any CPU.ActiveCfg = Debug|Any CPU
		{30F184E2-88F3-4891-B0FA-C1917DBE0CD0}.Debug|Any CPU.Build.0 = Debug|Any CPU
		{30F184E2-88F3-4891-B0FA-C1917DBE0CD0}.Debug|x64.ActiveCfg = Debug|Any CPU
		{30F184E2-88F3-4891-B0FA-C1917DBE0CD0}.Debug|x64.Build.0 = Debug|Any CPU
		{30F184E2-88F3-4891-B0FA-C1917DBE0CD0}.Debug|x86.ActiveCfg = Debug|Any CPU
		{30F184E2-88F3-4891-B0FA-C1917DBE0CD0}.Debug|x86.Build.0 = Debug|Any CPU
		{30F184E2-88F3-4891-B0FA-C1917DBE0CD0}.Release|Any CPU.ActiveCfg = Release|Any CPU
		{30F184E2-88F3-4891-B0FA-C1917DBE0CD0}.Release|Any CPU.Build.0 = Release|Any CPU
		{30F184E2-88F3-4891-B0FA-C1917DBE0CD0}.Release|x64.ActiveCfg = Release|Any CPU
		{30F184E2-88F3-4891-B0FA-C1917DBE0CD0}.Release|x64.Build.0 = Release|Any CPU
		{30F184E2-88F3-4891-B0FA-C1917DBE0CD0}.Release|x86.ActiveCfg = Release|Any CPU
		{30F184E2-88F3-4891-B0FA-C1917DBE0CD0}.Release|x86.Build.0 = Release|Any CPU
		{301B6E2F-ECFE-4521-A5AE-CA49E331DFC6}.Debug|Any CPU.ActiveCfg = Debug|Any CPU
		{301B6E2F-ECFE-4521-A5AE-CA49E331DFC6}.Debug|Any CPU.Build.0 = Debug|Any CPU
		{301B6E2F-ECFE-4521-A5AE-CA49E331DFC6}.Debug|x64.ActiveCfg = Debug|Any CPU
		{301B6E2F-ECFE-4521-A5AE-CA49E331DFC6}.Debug|x64.Build.0 = Debug|Any CPU
		{301B6E2F-ECFE-4521-A5AE-CA49E331DFC6}.Debug|x86.ActiveCfg = Debug|Any CPU
		{301B6E2F-ECFE-4521-A5AE-CA49E331DFC6}.Debug|x86.Build.0 = Debug|Any CPU
		{301B6E2F-ECFE-4521-A5AE-CA49E331DFC6}.Release|Any CPU.ActiveCfg = Release|Any CPU
		{301B6E2F-ECFE-4521-A5AE-CA49E331DFC6}.Release|Any CPU.Build.0 = Release|Any CPU
		{301B6E2F-ECFE-4521-A5AE-CA49E331DFC6}.Release|x64.ActiveCfg = Release|Any CPU
		{301B6E2F-ECFE-4521-A5AE-CA49E331DFC6}.Release|x64.Build.0 = Release|Any CPU
		{301B6E2F-ECFE-4521-A5AE-CA49E331DFC6}.Release|x86.ActiveCfg = Release|Any CPU
		{301B6E2F-ECFE-4521-A5AE-CA49E331DFC6}.Release|x86.Build.0 = Release|Any CPU
		{0996FA29-3EAE-49EC-B5F8-3A0272730925}.Debug|Any CPU.ActiveCfg = Debug|Any CPU
		{0996FA29-3EAE-49EC-B5F8-3A0272730925}.Debug|Any CPU.Build.0 = Debug|Any CPU
		{0996FA29-3EAE-49EC-B5F8-3A0272730925}.Debug|x64.ActiveCfg = Debug|Any CPU
		{0996FA29-3EAE-49EC-B5F8-3A0272730925}.Debug|x64.Build.0 = Debug|Any CPU
		{0996FA29-3EAE-49EC-B5F8-3A0272730925}.Debug|x86.ActiveCfg = Debug|Any CPU
		{0996FA29-3EAE-49EC-B5F8-3A0272730925}.Debug|x86.Build.0 = Debug|Any CPU
		{0996FA29-3EAE-49EC-B5F8-3A0272730925}.Release|Any CPU.ActiveCfg = Release|Any CPU
		{0996FA29-3EAE-49EC-B5F8-3A0272730925}.Release|Any CPU.Build.0 = Release|Any CPU
		{0996FA29-3EAE-49EC-B5F8-3A0272730925}.Release|x64.ActiveCfg = Release|Any CPU
		{0996FA29-3EAE-49EC-B5F8-3A0272730925}.Release|x64.Build.0 = Release|Any CPU
		{0996FA29-3EAE-49EC-B5F8-3A0272730925}.Release|x86.ActiveCfg = Release|Any CPU
		{0996FA29-3EAE-49EC-B5F8-3A0272730925}.Release|x86.Build.0 = Release|Any CPU
		{0CD3905D-1AD1-4219-8D21-8DAA9FF840A5}.Debug|Any CPU.ActiveCfg = Debug|Any CPU
		{0CD3905D-1AD1-4219-8D21-8DAA9FF840A5}.Debug|Any CPU.Build.0 = Debug|Any CPU
		{0CD3905D-1AD1-4219-8D21-8DAA9FF840A5}.Debug|x64.ActiveCfg = Debug|Any CPU
		{0CD3905D-1AD1-4219-8D21-8DAA9FF840A5}.Debug|x64.Build.0 = Debug|Any CPU
		{0CD3905D-1AD1-4219-8D21-8DAA9FF840A5}.Debug|x86.ActiveCfg = Debug|Any CPU
		{0CD3905D-1AD1-4219-8D21-8DAA9FF840A5}.Debug|x86.Build.0 = Debug|Any CPU
		{0CD3905D-1AD1-4219-8D21-8DAA9FF840A5}.Release|Any CPU.ActiveCfg = Release|Any CPU
		{0CD3905D-1AD1-4219-8D21-8DAA9FF840A5}.Release|Any CPU.Build.0 = Release|Any CPU
		{0CD3905D-1AD1-4219-8D21-8DAA9FF840A5}.Release|x64.ActiveCfg = Release|Any CPU
		{0CD3905D-1AD1-4219-8D21-8DAA9FF840A5}.Release|x64.Build.0 = Release|Any CPU
		{0CD3905D-1AD1-4219-8D21-8DAA9FF840A5}.Release|x86.ActiveCfg = Release|Any CPU
		{0CD3905D-1AD1-4219-8D21-8DAA9FF840A5}.Release|x86.Build.0 = Release|Any CPU
		{BE0088B2-69BA-4268-B741-52F4EE3CCE40}.Debug|Any CPU.ActiveCfg = Debug|Any CPU
		{BE0088B2-69BA-4268-B741-52F4EE3CCE40}.Debug|Any CPU.Build.0 = Debug|Any CPU
		{BE0088B2-69BA-4268-B741-52F4EE3CCE40}.Debug|x64.ActiveCfg = Debug|Any CPU
		{BE0088B2-69BA-4268-B741-52F4EE3CCE40}.Debug|x64.Build.0 = Debug|Any CPU
		{BE0088B2-69BA-4268-B741-52F4EE3CCE40}.Debug|x86.ActiveCfg = Debug|Any CPU
		{BE0088B2-69BA-4268-B741-52F4EE3CCE40}.Debug|x86.Build.0 = Debug|Any CPU
		{BE0088B2-69BA-4268-B741-52F4EE3CCE40}.Release|Any CPU.ActiveCfg = Release|Any CPU
		{BE0088B2-69BA-4268-B741-52F4EE3CCE40}.Release|Any CPU.Build.0 = Release|Any CPU
		{BE0088B2-69BA-4268-B741-52F4EE3CCE40}.Release|x64.ActiveCfg = Release|Any CPU
		{BE0088B2-69BA-4268-B741-52F4EE3CCE40}.Release|x64.Build.0 = Release|Any CPU
		{BE0088B2-69BA-4268-B741-52F4EE3CCE40}.Release|x86.ActiveCfg = Release|Any CPU
		{BE0088B2-69BA-4268-B741-52F4EE3CCE40}.Release|x86.Build.0 = Release|Any CPU
		{E476BF6A-6E12-4269-8FAC-CA56318E6B53}.Debug|Any CPU.ActiveCfg = Debug|Any CPU
		{E476BF6A-6E12-4269-8FAC-CA56318E6B53}.Debug|Any CPU.Build.0 = Debug|Any CPU
		{E476BF6A-6E12-4269-8FAC-CA56318E6B53}.Debug|x64.ActiveCfg = Debug|Any CPU
		{E476BF6A-6E12-4269-8FAC-CA56318E6B53}.Debug|x64.Build.0 = Debug|Any CPU
		{E476BF6A-6E12-4269-8FAC-CA56318E6B53}.Debug|x86.ActiveCfg = Debug|Any CPU
		{E476BF6A-6E12-4269-8FAC-CA56318E6B53}.Debug|x86.Build.0 = Debug|Any CPU
		{E476BF6A-6E12-4269-8FAC-CA56318E6B53}.Release|Any CPU.ActiveCfg = Release|Any CPU
		{E476BF6A-6E12-4269-8FAC-CA56318E6B53}.Release|Any CPU.Build.0 = Release|Any CPU
		{E476BF6A-6E12-4269-8FAC-CA56318E6B53}.Release|x64.ActiveCfg = Release|Any CPU
		{E476BF6A-6E12-4269-8FAC-CA56318E6B53}.Release|x64.Build.0 = Release|Any CPU
		{E476BF6A-6E12-4269-8FAC-CA56318E6B53}.Release|x86.ActiveCfg = Release|Any CPU
		{E476BF6A-6E12-4269-8FAC-CA56318E6B53}.Release|x86.Build.0 = Release|Any CPU
		{412D0E89-2FDA-4800-8E6B-9122DC80DDBF}.Debug|Any CPU.ActiveCfg = Debug|Any CPU
		{412D0E89-2FDA-4800-8E6B-9122DC80DDBF}.Debug|Any CPU.Build.0 = Debug|Any CPU
		{412D0E89-2FDA-4800-8E6B-9122DC80DDBF}.Debug|x64.ActiveCfg = Debug|Any CPU
		{412D0E89-2FDA-4800-8E6B-9122DC80DDBF}.Debug|x64.Build.0 = Debug|Any CPU
		{412D0E89-2FDA-4800-8E6B-9122DC80DDBF}.Debug|x86.ActiveCfg = Debug|Any CPU
		{412D0E89-2FDA-4800-8E6B-9122DC80DDBF}.Debug|x86.Build.0 = Debug|Any CPU
		{412D0E89-2FDA-4800-8E6B-9122DC80DDBF}.Release|Any CPU.ActiveCfg = Release|Any CPU
		{412D0E89-2FDA-4800-8E6B-9122DC80DDBF}.Release|Any CPU.Build.0 = Release|Any CPU
		{412D0E89-2FDA-4800-8E6B-9122DC80DDBF}.Release|x64.ActiveCfg = Release|Any CPU
		{412D0E89-2FDA-4800-8E6B-9122DC80DDBF}.Release|x64.Build.0 = Release|Any CPU
		{412D0E89-2FDA-4800-8E6B-9122DC80DDBF}.Release|x86.ActiveCfg = Release|Any CPU
		{412D0E89-2FDA-4800-8E6B-9122DC80DDBF}.Release|x86.Build.0 = Release|Any CPU
		{882C462A-CAF4-4300-8255-C14AC2EF8B49}.Debug|Any CPU.ActiveCfg = Debug|Any CPU
		{882C462A-CAF4-4300-8255-C14AC2EF8B49}.Debug|Any CPU.Build.0 = Debug|Any CPU
		{882C462A-CAF4-4300-8255-C14AC2EF8B49}.Debug|x64.ActiveCfg = Debug|Any CPU
		{882C462A-CAF4-4300-8255-C14AC2EF8B49}.Debug|x64.Build.0 = Debug|Any CPU
		{882C462A-CAF4-4300-8255-C14AC2EF8B49}.Debug|x86.ActiveCfg = Debug|Any CPU
		{882C462A-CAF4-4300-8255-C14AC2EF8B49}.Debug|x86.Build.0 = Debug|Any CPU
		{882C462A-CAF4-4300-8255-C14AC2EF8B49}.Release|Any CPU.ActiveCfg = Release|Any CPU
		{882C462A-CAF4-4300-8255-C14AC2EF8B49}.Release|Any CPU.Build.0 = Release|Any CPU
		{882C462A-CAF4-4300-8255-C14AC2EF8B49}.Release|x64.ActiveCfg = Release|Any CPU
		{882C462A-CAF4-4300-8255-C14AC2EF8B49}.Release|x64.Build.0 = Release|Any CPU
		{882C462A-CAF4-4300-8255-C14AC2EF8B49}.Release|x86.ActiveCfg = Release|Any CPU
		{882C462A-CAF4-4300-8255-C14AC2EF8B49}.Release|x86.Build.0 = Release|Any CPU
		{E0382228-67DC-467C-B493-10FB1D9F6738}.Debug|Any CPU.ActiveCfg = Debug|Any CPU
		{E0382228-67DC-467C-B493-10FB1D9F6738}.Debug|Any CPU.Build.0 = Debug|Any CPU
		{E0382228-67DC-467C-B493-10FB1D9F6738}.Debug|x64.ActiveCfg = Debug|Any CPU
		{E0382228-67DC-467C-B493-10FB1D9F6738}.Debug|x64.Build.0 = Debug|Any CPU
		{E0382228-67DC-467C-B493-10FB1D9F6738}.Debug|x86.ActiveCfg = Debug|Any CPU
		{E0382228-67DC-467C-B493-10FB1D9F6738}.Debug|x86.Build.0 = Debug|Any CPU
		{E0382228-67DC-467C-B493-10FB1D9F6738}.Release|Any CPU.ActiveCfg = Release|Any CPU
		{E0382228-67DC-467C-B493-10FB1D9F6738}.Release|Any CPU.Build.0 = Release|Any CPU
		{E0382228-67DC-467C-B493-10FB1D9F6738}.Release|x64.ActiveCfg = Release|Any CPU
		{E0382228-67DC-467C-B493-10FB1D9F6738}.Release|x64.Build.0 = Release|Any CPU
		{E0382228-67DC-467C-B493-10FB1D9F6738}.Release|x86.ActiveCfg = Release|Any CPU
		{E0382228-67DC-467C-B493-10FB1D9F6738}.Release|x86.Build.0 = Release|Any CPU
		{4962521D-DCCD-43C3-A894-7BB85D3D6962}.Debug|Any CPU.ActiveCfg = Debug|Any CPU
		{4962521D-DCCD-43C3-A894-7BB85D3D6962}.Debug|Any CPU.Build.0 = Debug|Any CPU
		{4962521D-DCCD-43C3-A894-7BB85D3D6962}.Debug|x64.ActiveCfg = Debug|Any CPU
		{4962521D-DCCD-43C3-A894-7BB85D3D6962}.Debug|x64.Build.0 = Debug|Any CPU
		{4962521D-DCCD-43C3-A894-7BB85D3D6962}.Debug|x86.ActiveCfg = Debug|Any CPU
		{4962521D-DCCD-43C3-A894-7BB85D3D6962}.Debug|x86.Build.0 = Debug|Any CPU
		{4962521D-DCCD-43C3-A894-7BB85D3D6962}.Release|Any CPU.ActiveCfg = Release|Any CPU
		{4962521D-DCCD-43C3-A894-7BB85D3D6962}.Release|Any CPU.Build.0 = Release|Any CPU
		{4962521D-DCCD-43C3-A894-7BB85D3D6962}.Release|x64.ActiveCfg = Release|Any CPU
		{4962521D-DCCD-43C3-A894-7BB85D3D6962}.Release|x64.Build.0 = Release|Any CPU
		{4962521D-DCCD-43C3-A894-7BB85D3D6962}.Release|x86.ActiveCfg = Release|Any CPU
		{4962521D-DCCD-43C3-A894-7BB85D3D6962}.Release|x86.Build.0 = Release|Any CPU
		{602C5D70-530D-4F1A-BDDA-800CFE0A8E2C}.Debug|Any CPU.ActiveCfg = Debug|Any CPU
		{602C5D70-530D-4F1A-BDDA-800CFE0A8E2C}.Debug|Any CPU.Build.0 = Debug|Any CPU
		{602C5D70-530D-4F1A-BDDA-800CFE0A8E2C}.Debug|x64.ActiveCfg = Debug|Any CPU
		{602C5D70-530D-4F1A-BDDA-800CFE0A8E2C}.Debug|x64.Build.0 = Debug|Any CPU
		{602C5D70-530D-4F1A-BDDA-800CFE0A8E2C}.Debug|x86.ActiveCfg = Debug|Any CPU
		{602C5D70-530D-4F1A-BDDA-800CFE0A8E2C}.Debug|x86.Build.0 = Debug|Any CPU
		{602C5D70-530D-4F1A-BDDA-800CFE0A8E2C}.Release|Any CPU.ActiveCfg = Release|Any CPU
		{602C5D70-530D-4F1A-BDDA-800CFE0A8E2C}.Release|Any CPU.Build.0 = Release|Any CPU
		{602C5D70-530D-4F1A-BDDA-800CFE0A8E2C}.Release|x64.ActiveCfg = Release|Any CPU
		{602C5D70-530D-4F1A-BDDA-800CFE0A8E2C}.Release|x64.Build.0 = Release|Any CPU
		{602C5D70-530D-4F1A-BDDA-800CFE0A8E2C}.Release|x86.ActiveCfg = Release|Any CPU
		{602C5D70-530D-4F1A-BDDA-800CFE0A8E2C}.Release|x86.Build.0 = Release|Any CPU
		{82C209CF-91E6-439A-AB2C-986A1BB1DDF2}.Debug|Any CPU.ActiveCfg = Debug|Any CPU
		{82C209CF-91E6-439A-AB2C-986A1BB1DDF2}.Debug|Any CPU.Build.0 = Debug|Any CPU
		{82C209CF-91E6-439A-AB2C-986A1BB1DDF2}.Debug|x64.ActiveCfg = Debug|Any CPU
		{82C209CF-91E6-439A-AB2C-986A1BB1DDF2}.Debug|x64.Build.0 = Debug|Any CPU
		{82C209CF-91E6-439A-AB2C-986A1BB1DDF2}.Debug|x86.ActiveCfg = Debug|Any CPU
		{82C209CF-91E6-439A-AB2C-986A1BB1DDF2}.Debug|x86.Build.0 = Debug|Any CPU
		{82C209CF-91E6-439A-AB2C-986A1BB1DDF2}.Release|Any CPU.ActiveCfg = Release|Any CPU
		{82C209CF-91E6-439A-AB2C-986A1BB1DDF2}.Release|Any CPU.Build.0 = Release|Any CPU
		{82C209CF-91E6-439A-AB2C-986A1BB1DDF2}.Release|x64.ActiveCfg = Release|Any CPU
		{82C209CF-91E6-439A-AB2C-986A1BB1DDF2}.Release|x64.Build.0 = Release|Any CPU
		{82C209CF-91E6-439A-AB2C-986A1BB1DDF2}.Release|x86.ActiveCfg = Release|Any CPU
		{82C209CF-91E6-439A-AB2C-986A1BB1DDF2}.Release|x86.Build.0 = Release|Any CPU
		{CF89ED4B-25A7-4D3F-A128-A8E9E8A57929}.Debug|Any CPU.ActiveCfg = Debug|Any CPU
		{CF89ED4B-25A7-4D3F-A128-A8E9E8A57929}.Debug|Any CPU.Build.0 = Debug|Any CPU
		{CF89ED4B-25A7-4D3F-A128-A8E9E8A57929}.Debug|x64.ActiveCfg = Debug|Any CPU
		{CF89ED4B-25A7-4D3F-A128-A8E9E8A57929}.Debug|x64.Build.0 = Debug|Any CPU
		{CF89ED4B-25A7-4D3F-A128-A8E9E8A57929}.Debug|x86.ActiveCfg = Debug|Any CPU
		{CF89ED4B-25A7-4D3F-A128-A8E9E8A57929}.Debug|x86.Build.0 = Debug|Any CPU
		{CF89ED4B-25A7-4D3F-A128-A8E9E8A57929}.Release|Any CPU.ActiveCfg = Release|Any CPU
		{CF89ED4B-25A7-4D3F-A128-A8E9E8A57929}.Release|Any CPU.Build.0 = Release|Any CPU
		{CF89ED4B-25A7-4D3F-A128-A8E9E8A57929}.Release|x64.ActiveCfg = Release|Any CPU
		{CF89ED4B-25A7-4D3F-A128-A8E9E8A57929}.Release|x64.Build.0 = Release|Any CPU
		{CF89ED4B-25A7-4D3F-A128-A8E9E8A57929}.Release|x86.ActiveCfg = Release|Any CPU
		{CF89ED4B-25A7-4D3F-A128-A8E9E8A57929}.Release|x86.Build.0 = Release|Any CPU
		{D1CB0899-07F5-4EE2-9729-B4DBB4759FC1}.Debug|Any CPU.ActiveCfg = Debug|Any CPU
		{D1CB0899-07F5-4EE2-9729-B4DBB4759FC1}.Debug|Any CPU.Build.0 = Debug|Any CPU
		{D1CB0899-07F5-4EE2-9729-B4DBB4759FC1}.Debug|x64.ActiveCfg = Debug|Any CPU
		{D1CB0899-07F5-4EE2-9729-B4DBB4759FC1}.Debug|x64.Build.0 = Debug|Any CPU
		{D1CB0899-07F5-4EE2-9729-B4DBB4759FC1}.Debug|x86.ActiveCfg = Debug|Any CPU
		{D1CB0899-07F5-4EE2-9729-B4DBB4759FC1}.Debug|x86.Build.0 = Debug|Any CPU
		{D1CB0899-07F5-4EE2-9729-B4DBB4759FC1}.Release|Any CPU.ActiveCfg = Release|Any CPU
		{D1CB0899-07F5-4EE2-9729-B4DBB4759FC1}.Release|Any CPU.Build.0 = Release|Any CPU
		{D1CB0899-07F5-4EE2-9729-B4DBB4759FC1}.Release|x64.ActiveCfg = Release|Any CPU
		{D1CB0899-07F5-4EE2-9729-B4DBB4759FC1}.Release|x64.Build.0 = Release|Any CPU
		{D1CB0899-07F5-4EE2-9729-B4DBB4759FC1}.Release|x86.ActiveCfg = Release|Any CPU
		{D1CB0899-07F5-4EE2-9729-B4DBB4759FC1}.Release|x86.Build.0 = Release|Any CPU
		{FA43F81A-B61C-4A76-B90A-5F9511C66828}.Debug|Any CPU.ActiveCfg = Debug|Any CPU
		{FA43F81A-B61C-4A76-B90A-5F9511C66828}.Debug|Any CPU.Build.0 = Debug|Any CPU
		{FA43F81A-B61C-4A76-B90A-5F9511C66828}.Debug|x64.ActiveCfg = Debug|Any CPU
		{FA43F81A-B61C-4A76-B90A-5F9511C66828}.Debug|x64.Build.0 = Debug|Any CPU
		{FA43F81A-B61C-4A76-B90A-5F9511C66828}.Debug|x86.ActiveCfg = Debug|Any CPU
		{FA43F81A-B61C-4A76-B90A-5F9511C66828}.Debug|x86.Build.0 = Debug|Any CPU
		{FA43F81A-B61C-4A76-B90A-5F9511C66828}.Release|Any CPU.ActiveCfg = Release|Any CPU
		{FA43F81A-B61C-4A76-B90A-5F9511C66828}.Release|Any CPU.Build.0 = Release|Any CPU
		{FA43F81A-B61C-4A76-B90A-5F9511C66828}.Release|x64.ActiveCfg = Release|Any CPU
		{FA43F81A-B61C-4A76-B90A-5F9511C66828}.Release|x64.Build.0 = Release|Any CPU
		{FA43F81A-B61C-4A76-B90A-5F9511C66828}.Release|x86.ActiveCfg = Release|Any CPU
		{FA43F81A-B61C-4A76-B90A-5F9511C66828}.Release|x86.Build.0 = Release|Any CPU
		{669850AE-6468-48BB-A9D3-6E10A8690C47}.Debug|Any CPU.ActiveCfg = Debug|Any CPU
		{669850AE-6468-48BB-A9D3-6E10A8690C47}.Debug|Any CPU.Build.0 = Debug|Any CPU
		{669850AE-6468-48BB-A9D3-6E10A8690C47}.Debug|x64.ActiveCfg = Debug|Any CPU
		{669850AE-6468-48BB-A9D3-6E10A8690C47}.Debug|x64.Build.0 = Debug|Any CPU
		{669850AE-6468-48BB-A9D3-6E10A8690C47}.Debug|x86.ActiveCfg = Debug|Any CPU
		{669850AE-6468-48BB-A9D3-6E10A8690C47}.Debug|x86.Build.0 = Debug|Any CPU
		{669850AE-6468-48BB-A9D3-6E10A8690C47}.Release|Any CPU.ActiveCfg = Release|Any CPU
		{669850AE-6468-48BB-A9D3-6E10A8690C47}.Release|Any CPU.Build.0 = Release|Any CPU
		{669850AE-6468-48BB-A9D3-6E10A8690C47}.Release|x64.ActiveCfg = Release|Any CPU
		{669850AE-6468-48BB-A9D3-6E10A8690C47}.Release|x64.Build.0 = Release|Any CPU
		{669850AE-6468-48BB-A9D3-6E10A8690C47}.Release|x86.ActiveCfg = Release|Any CPU
		{669850AE-6468-48BB-A9D3-6E10A8690C47}.Release|x86.Build.0 = Release|Any CPU
		{F5EC7CF6-E115-49AC-98FC-D0C44FCB9CF1}.Debug|Any CPU.ActiveCfg = Debug|Any CPU
		{F5EC7CF6-E115-49AC-98FC-D0C44FCB9CF1}.Debug|Any CPU.Build.0 = Debug|Any CPU
		{F5EC7CF6-E115-49AC-98FC-D0C44FCB9CF1}.Debug|x64.ActiveCfg = Debug|Any CPU
		{F5EC7CF6-E115-49AC-98FC-D0C44FCB9CF1}.Debug|x64.Build.0 = Debug|Any CPU
		{F5EC7CF6-E115-49AC-98FC-D0C44FCB9CF1}.Debug|x86.ActiveCfg = Debug|Any CPU
		{F5EC7CF6-E115-49AC-98FC-D0C44FCB9CF1}.Debug|x86.Build.0 = Debug|Any CPU
		{F5EC7CF6-E115-49AC-98FC-D0C44FCB9CF1}.Release|Any CPU.ActiveCfg = Release|Any CPU
		{F5EC7CF6-E115-49AC-98FC-D0C44FCB9CF1}.Release|Any CPU.Build.0 = Release|Any CPU
		{F5EC7CF6-E115-49AC-98FC-D0C44FCB9CF1}.Release|x64.ActiveCfg = Release|Any CPU
		{F5EC7CF6-E115-49AC-98FC-D0C44FCB9CF1}.Release|x64.Build.0 = Release|Any CPU
		{F5EC7CF6-E115-49AC-98FC-D0C44FCB9CF1}.Release|x86.ActiveCfg = Release|Any CPU
		{F5EC7CF6-E115-49AC-98FC-D0C44FCB9CF1}.Release|x86.Build.0 = Release|Any CPU
		{36490D35-68FC-409F-BBEE-D93EC6262100}.Debug|Any CPU.ActiveCfg = Debug|Any CPU
		{36490D35-68FC-409F-BBEE-D93EC6262100}.Debug|Any CPU.Build.0 = Debug|Any CPU
		{36490D35-68FC-409F-BBEE-D93EC6262100}.Debug|x64.ActiveCfg = Debug|Any CPU
		{36490D35-68FC-409F-BBEE-D93EC6262100}.Debug|x64.Build.0 = Debug|Any CPU
		{36490D35-68FC-409F-BBEE-D93EC6262100}.Debug|x86.ActiveCfg = Debug|Any CPU
		{36490D35-68FC-409F-BBEE-D93EC6262100}.Debug|x86.Build.0 = Debug|Any CPU
		{36490D35-68FC-409F-BBEE-D93EC6262100}.Release|Any CPU.ActiveCfg = Release|Any CPU
		{36490D35-68FC-409F-BBEE-D93EC6262100}.Release|Any CPU.Build.0 = Release|Any CPU
		{36490D35-68FC-409F-BBEE-D93EC6262100}.Release|x64.ActiveCfg = Release|Any CPU
		{36490D35-68FC-409F-BBEE-D93EC6262100}.Release|x64.Build.0 = Release|Any CPU
		{36490D35-68FC-409F-BBEE-D93EC6262100}.Release|x86.ActiveCfg = Release|Any CPU
		{36490D35-68FC-409F-BBEE-D93EC6262100}.Release|x86.Build.0 = Release|Any CPU
		{F236ECFC-6086-4304-891B-B63D8559A14D}.Debug|Any CPU.ActiveCfg = Debug|Any CPU
		{F236ECFC-6086-4304-891B-B63D8559A14D}.Debug|Any CPU.Build.0 = Debug|Any CPU
		{F236ECFC-6086-4304-891B-B63D8559A14D}.Debug|x64.ActiveCfg = Debug|Any CPU
		{F236ECFC-6086-4304-891B-B63D8559A14D}.Debug|x64.Build.0 = Debug|Any CPU
		{F236ECFC-6086-4304-891B-B63D8559A14D}.Debug|x86.ActiveCfg = Debug|Any CPU
		{F236ECFC-6086-4304-891B-B63D8559A14D}.Debug|x86.Build.0 = Debug|Any CPU
		{F236ECFC-6086-4304-891B-B63D8559A14D}.Release|Any CPU.ActiveCfg = Release|Any CPU
		{F236ECFC-6086-4304-891B-B63D8559A14D}.Release|Any CPU.Build.0 = Release|Any CPU
		{F236ECFC-6086-4304-891B-B63D8559A14D}.Release|x64.ActiveCfg = Release|Any CPU
		{F236ECFC-6086-4304-891B-B63D8559A14D}.Release|x64.Build.0 = Release|Any CPU
		{F236ECFC-6086-4304-891B-B63D8559A14D}.Release|x86.ActiveCfg = Release|Any CPU
		{F236ECFC-6086-4304-891B-B63D8559A14D}.Release|x86.Build.0 = Release|Any CPU
		{333E4803-F441-48B0-B7BA-BAFE5144159E}.Debug|Any CPU.ActiveCfg = Debug|Any CPU
		{333E4803-F441-48B0-B7BA-BAFE5144159E}.Debug|Any CPU.Build.0 = Debug|Any CPU
		{333E4803-F441-48B0-B7BA-BAFE5144159E}.Debug|x64.ActiveCfg = Debug|Any CPU
		{333E4803-F441-48B0-B7BA-BAFE5144159E}.Debug|x64.Build.0 = Debug|Any CPU
		{333E4803-F441-48B0-B7BA-BAFE5144159E}.Debug|x86.ActiveCfg = Debug|Any CPU
		{333E4803-F441-48B0-B7BA-BAFE5144159E}.Debug|x86.Build.0 = Debug|Any CPU
		{333E4803-F441-48B0-B7BA-BAFE5144159E}.Release|Any CPU.ActiveCfg = Release|Any CPU
		{333E4803-F441-48B0-B7BA-BAFE5144159E}.Release|Any CPU.Build.0 = Release|Any CPU
		{333E4803-F441-48B0-B7BA-BAFE5144159E}.Release|x64.ActiveCfg = Release|Any CPU
		{333E4803-F441-48B0-B7BA-BAFE5144159E}.Release|x64.Build.0 = Release|Any CPU
		{333E4803-F441-48B0-B7BA-BAFE5144159E}.Release|x86.ActiveCfg = Release|Any CPU
		{333E4803-F441-48B0-B7BA-BAFE5144159E}.Release|x86.Build.0 = Release|Any CPU
		{59E2903B-BA68-40F2-B54A-C791B8C54B81}.Debug|Any CPU.ActiveCfg = Debug|Any CPU
		{59E2903B-BA68-40F2-B54A-C791B8C54B81}.Debug|Any CPU.Build.0 = Debug|Any CPU
		{59E2903B-BA68-40F2-B54A-C791B8C54B81}.Debug|x64.ActiveCfg = Debug|Any CPU
		{59E2903B-BA68-40F2-B54A-C791B8C54B81}.Debug|x64.Build.0 = Debug|Any CPU
		{59E2903B-BA68-40F2-B54A-C791B8C54B81}.Debug|x86.ActiveCfg = Debug|Any CPU
		{59E2903B-BA68-40F2-B54A-C791B8C54B81}.Debug|x86.Build.0 = Debug|Any CPU
		{59E2903B-BA68-40F2-B54A-C791B8C54B81}.Release|Any CPU.ActiveCfg = Release|Any CPU
		{59E2903B-BA68-40F2-B54A-C791B8C54B81}.Release|Any CPU.Build.0 = Release|Any CPU
		{59E2903B-BA68-40F2-B54A-C791B8C54B81}.Release|x64.ActiveCfg = Release|Any CPU
		{59E2903B-BA68-40F2-B54A-C791B8C54B81}.Release|x64.Build.0 = Release|Any CPU
		{59E2903B-BA68-40F2-B54A-C791B8C54B81}.Release|x86.ActiveCfg = Release|Any CPU
		{59E2903B-BA68-40F2-B54A-C791B8C54B81}.Release|x86.Build.0 = Release|Any CPU
		{0CD6E90A-883F-4A87-B766-7421A09D1085}.Debug|Any CPU.ActiveCfg = Debug|Any CPU
		{0CD6E90A-883F-4A87-B766-7421A09D1085}.Debug|Any CPU.Build.0 = Debug|Any CPU
		{0CD6E90A-883F-4A87-B766-7421A09D1085}.Debug|x64.ActiveCfg = Debug|Any CPU
		{0CD6E90A-883F-4A87-B766-7421A09D1085}.Debug|x64.Build.0 = Debug|Any CPU
		{0CD6E90A-883F-4A87-B766-7421A09D1085}.Debug|x86.ActiveCfg = Debug|Any CPU
		{0CD6E90A-883F-4A87-B766-7421A09D1085}.Debug|x86.Build.0 = Debug|Any CPU
		{0CD6E90A-883F-4A87-B766-7421A09D1085}.Release|Any CPU.ActiveCfg = Release|Any CPU
		{0CD6E90A-883F-4A87-B766-7421A09D1085}.Release|Any CPU.Build.0 = Release|Any CPU
		{0CD6E90A-883F-4A87-B766-7421A09D1085}.Release|x64.ActiveCfg = Release|Any CPU
		{0CD6E90A-883F-4A87-B766-7421A09D1085}.Release|x64.Build.0 = Release|Any CPU
		{0CD6E90A-883F-4A87-B766-7421A09D1085}.Release|x86.ActiveCfg = Release|Any CPU
		{0CD6E90A-883F-4A87-B766-7421A09D1085}.Release|x86.Build.0 = Release|Any CPU
		{6EF586B1-E31E-4B2D-ADBB-6D35F8F7B8C0}.Debug|Any CPU.ActiveCfg = Debug|Any CPU
		{6EF586B1-E31E-4B2D-ADBB-6D35F8F7B8C0}.Debug|Any CPU.Build.0 = Debug|Any CPU
		{6EF586B1-E31E-4B2D-ADBB-6D35F8F7B8C0}.Debug|x64.ActiveCfg = Debug|Any CPU
		{6EF586B1-E31E-4B2D-ADBB-6D35F8F7B8C0}.Debug|x64.Build.0 = Debug|Any CPU
		{6EF586B1-E31E-4B2D-ADBB-6D35F8F7B8C0}.Debug|x86.ActiveCfg = Debug|Any CPU
		{6EF586B1-E31E-4B2D-ADBB-6D35F8F7B8C0}.Debug|x86.Build.0 = Debug|Any CPU
		{6EF586B1-E31E-4B2D-ADBB-6D35F8F7B8C0}.Release|Any CPU.ActiveCfg = Release|Any CPU
		{6EF586B1-E31E-4B2D-ADBB-6D35F8F7B8C0}.Release|Any CPU.Build.0 = Release|Any CPU
		{6EF586B1-E31E-4B2D-ADBB-6D35F8F7B8C0}.Release|x64.ActiveCfg = Release|Any CPU
		{6EF586B1-E31E-4B2D-ADBB-6D35F8F7B8C0}.Release|x64.Build.0 = Release|Any CPU
		{6EF586B1-E31E-4B2D-ADBB-6D35F8F7B8C0}.Release|x86.ActiveCfg = Release|Any CPU
		{6EF586B1-E31E-4B2D-ADBB-6D35F8F7B8C0}.Release|x86.Build.0 = Release|Any CPU
		{B6C9F46C-0162-4EB1-976D-2A01C1CE764C}.Debug|Any CPU.ActiveCfg = Debug|Any CPU
		{B6C9F46C-0162-4EB1-976D-2A01C1CE764C}.Debug|Any CPU.Build.0 = Debug|Any CPU
		{B6C9F46C-0162-4EB1-976D-2A01C1CE764C}.Debug|x64.ActiveCfg = Debug|Any CPU
		{B6C9F46C-0162-4EB1-976D-2A01C1CE764C}.Debug|x64.Build.0 = Debug|Any CPU
		{B6C9F46C-0162-4EB1-976D-2A01C1CE764C}.Debug|x86.ActiveCfg = Debug|Any CPU
		{B6C9F46C-0162-4EB1-976D-2A01C1CE764C}.Debug|x86.Build.0 = Debug|Any CPU
		{B6C9F46C-0162-4EB1-976D-2A01C1CE764C}.Release|Any CPU.ActiveCfg = Release|Any CPU
		{B6C9F46C-0162-4EB1-976D-2A01C1CE764C}.Release|Any CPU.Build.0 = Release|Any CPU
		{B6C9F46C-0162-4EB1-976D-2A01C1CE764C}.Release|x64.ActiveCfg = Release|Any CPU
		{B6C9F46C-0162-4EB1-976D-2A01C1CE764C}.Release|x64.Build.0 = Release|Any CPU
		{B6C9F46C-0162-4EB1-976D-2A01C1CE764C}.Release|x86.ActiveCfg = Release|Any CPU
		{B6C9F46C-0162-4EB1-976D-2A01C1CE764C}.Release|x86.Build.0 = Release|Any CPU
	EndGlobalSection
	GlobalSection(SolutionProperties) = preSolution
		HideSolutionNode = FALSE
	EndGlobalSection
	GlobalSection(NestedProjects) = preSolution
		{30F184E2-88F3-4891-B0FA-C1917DBE0CD0} = {C6DF1451-56B5-EAD0-27C3-671E9BD5E906}
		{301B6E2F-ECFE-4521-A5AE-CA49E331DFC6} = {C6DF1451-56B5-EAD0-27C3-671E9BD5E906}
		{0996FA29-3EAE-49EC-B5F8-3A0272730925} = {C6DF1451-56B5-EAD0-27C3-671E9BD5E906}
		{0CD3905D-1AD1-4219-8D21-8DAA9FF840A5} = {EAA4C3EA-4F80-F7E2-43F4-B077FE12FBA7}
		{BE0088B2-69BA-4268-B741-52F4EE3CCE40} = {696C0EBF-F601-5253-4CA2-839DE6AABEC9}
		{E476BF6A-6E12-4269-8FAC-CA56318E6B53} = {C4D89311-AFE9-6323-3FF6-D384F1CDA061}
		{412D0E89-2FDA-4800-8E6B-9122DC80DDBF} = {B12C42B1-F8E6-55D5-858E-EDB8B0697768}
		{882C462A-CAF4-4300-8255-C14AC2EF8B49} = {DAD39B44-434C-0B27-0227-2A2D3CC070B7}
		{E0382228-67DC-467C-B493-10FB1D9F6738} = {6D400736-C335-6B4E-6EAD-4935A988DFB3}
		{4962521D-DCCD-43C3-A894-7BB85D3D6962} = {C8DC4366-2D4B-E411-D2B3-A40AE0CC571A}
		{602C5D70-530D-4F1A-BDDA-800CFE0A8E2C} = {EAA4C3EA-4F80-F7E2-43F4-B077FE12FBA7}
		{82C209CF-91E6-439A-AB2C-986A1BB1DDF2} = {696C0EBF-F601-5253-4CA2-839DE6AABEC9}
		{CF89ED4B-25A7-4D3F-A128-A8E9E8A57929} = {C4D89311-AFE9-6323-3FF6-D384F1CDA061}
		{D1CB0899-07F5-4EE2-9729-B4DBB4759FC1} = {B12C42B1-F8E6-55D5-858E-EDB8B0697768}
		{FA43F81A-B61C-4A76-B90A-5F9511C66828} = {DAD39B44-434C-0B27-0227-2A2D3CC070B7}
		{669850AE-6468-48BB-A9D3-6E10A8690C47} = {6D400736-C335-6B4E-6EAD-4935A988DFB3}
		{F5EC7CF6-E115-49AC-98FC-D0C44FCB9CF1} = {C8DC4366-2D4B-E411-D2B3-A40AE0CC571A}
		{36490D35-68FC-409F-BBEE-D93EC6262100} = {C8DC4366-2D4B-E411-D2B3-A40AE0CC571A}
		{F236ECFC-6086-4304-891B-B63D8559A14D} = {6D400736-C335-6B4E-6EAD-4935A988DFB3}
		{333E4803-F441-48B0-B7BA-BAFE5144159E} = {DAD39B44-434C-0B27-0227-2A2D3CC070B7}
		{59E2903B-BA68-40F2-B54A-C791B8C54B81} = {B12C42B1-F8E6-55D5-858E-EDB8B0697768}
		{0CD6E90A-883F-4A87-B766-7421A09D1085} = {C4D89311-AFE9-6323-3FF6-D384F1CDA061}
		{6EF586B1-E31E-4B2D-ADBB-6D35F8F7B8C0} = {696C0EBF-F601-5253-4CA2-839DE6AABEC9}
		{B6C9F46C-0162-4EB1-976D-2A01C1CE764C} = {EAA4C3EA-4F80-F7E2-43F4-B077FE12FBA7}
	EndGlobalSection
EndGlobal
